{
  "version": 4,
  "terraform_version": "1.14.7",
  "serial": 16,
  "lineage": "aaaa00da-aa82-e794-7433-9163920c6051",
  "outputs": {
    "acr_login_server": {
      "value": "learningstepsacr.azurecr.io",
      "type": "string"
    },
    "aks_name": {
      "value": "learningsteps-aks",
      "type": "string"
    },
    "db_host": {
      "value": "learningsteps-db.postgres.database.azure.com",
      "type": "string"
    }
  },
  "resources": [
    {
      "mode": "managed",
      "type": "azurerm_container_registry",
      "name": "acr",
      "provider": "provider[\"registry.terraform.io/hashicorp/azurerm\"]",
      "instances": [
        {
          "schema_version": 2,
          "attributes": {
            "admin_enabled": true,
            "admin_password": "6AOe4LdU1wTHcGxxoTzldindvBAbcOGBGG0uKafokzygxuDCQxUcJQQJ99CCAC5RqLJEqg7NAAACAZCRHzIH",
            "admin_username": "learningstepsacr",
            "anonymous_pull_enabled": false,
            "data_endpoint_enabled": false,
            "encryption": [
              {
                "enabled": false,
                "identity_client_id": "",
                "key_vault_key_id": ""
              }
            ],
            "export_policy_enabled": true,
            "georeplications": [],
            "id": "/subscriptions/2f07de94-538d-450f-be82-3ac88a5ddcb8/resourceGroups/learningsteps-rg/providers/Microsoft.ContainerRegistry/registries/learningstepsacr",
            "identity": [],
            "location": "westeurope",
            "login_server": "learningstepsacr.azurecr.io",
            "name": "learningstepsacr",
            "network_rule_bypass_option": "AzureServices",
            "network_rule_set": [],
            "public_network_access_enabled": true,
            "quarantine_policy_enabled": false,
            "resource_group_name": "learningsteps-rg",
            "retention_policy": [
              {
                "days": 7,
                "enabled": false
              }
            ],
            "sku": "Basic",
            "tags": {},
            "timeouts": null,
            "trust_policy": [
              {
                "enabled": false
              }
            ],
            "zone_redundancy_enabled": false
          },
          "sensitive_attributes": [
            [
              {
                "type": "get_attr",
                "value": "admin_password"
              }
            ]
          ],
          "identity_schema_version": 0,
          "private": "eyJlMmJmYjczMC1lY2FhLTExZTYtOGY4OC0zNDM2M2JjN2M0YzAiOnsiY3JlYXRlIjoxODAwMDAwMDAwMDAwLCJkZWxldGUiOjE4MDAwMDAwMDAwMDAsInJlYWQiOjMwMDAwMDAwMDAwMCwidXBkYXRlIjoxODAwMDAwMDAwMDAwfSwic2NoZW1hX3ZlcnNpb24iOiIyIn0=",
          "dependencies": [
            "azurerm_resource_group.main"
          ]
        }
      ]
    },
    {
      "mode": "managed",
      "type": "azurerm_kubernetes_cluster",
      "name": "main",
      "provider": "provider[\"registry.terraform.io/hashicorp/azurerm\"]",
      "instances": [
        {
          "schema_version": 2,
          "attributes": {
            "aci_connector_linux": [],
            "api_server_access_profile": [],
            "api_server_authorized_ip_ranges": [],
            "auto_scaler_profile": [],
            "automatic_channel_upgrade": "",
            "azure_active_directory_role_based_access_control": [],
            "azure_policy_enabled": null,
            "confidential_computing": [],
            "cost_analysis_enabled": false,
            "current_kubernetes_version": "1.33.7",
            "custom_ca_trust_certificates_base64": null,
            "default_node_pool": [
              {
                "capacity_reservation_group_id": "",
                "custom_ca_trust_enabled": false,
                "enable_auto_scaling": false,
                "enable_host_encryption": false,
                "enable_node_public_ip": false,
                "fips_enabled": false,
                "gpu_instance": "",
                "host_group_id": "",
                "kubelet_config": [],
                "kubelet_disk_type": "OS",
                "linux_os_config": [],
                "max_count": 0,
                "max_pods": 30,
                "message_of_the_day": "",
                "min_count": 0,
                "name": "default",
                "node_count": 1,
                "node_labels": {},
                "node_network_profile": [],
                "node_public_ip_prefix_id": "",
                "node_taints": null,
                "only_critical_addons_enabled": false,
                "orchestrator_version": "1.33",
                "os_disk_size_gb": 128,
                "os_disk_type": "Managed",
                "os_sku": "Ubuntu",
                "pod_subnet_id": "",
                "proximity_placement_group_id": "",
                "scale_down_mode": "Delete",
                "snapshot_id": "",
                "tags": null,
                "temporary_name_for_rotation": "",
                "type": "VirtualMachineScaleSets",
                "ultra_ssd_enabled": false,
                "upgrade_settings": [
                  {
                    "drain_timeout_in_minutes": 0,
                    "max_surge": "10%",
                    "node_soak_duration_in_minutes": 0
                  }
                ],
                "vm_size": "Standard_D2s_v3",
                "vnet_subnet_id": "/subscriptions/2f07de94-538d-450f-be82-3ac88a5ddcb8/resourceGroups/learningsteps-rg/providers/Microsoft.Network/virtualNetworks/learningsteps-vnet/subnets/aks-subnet",
                "workload_runtime": "",
                "zones": null
              }
            ],
            "disk_encryption_set_id": "",
            "dns_prefix": "learningsteps",
            "dns_prefix_private_cluster": "",
            "edge_zone": "",
            "enable_pod_security_policy": false,
            "fqdn": "learningsteps-163omz12.hcp.westeurope.azmk8s.io",
            "http_application_routing_enabled": null,
            "http_application_routing_zone_name": null,
            "http_proxy_config": [],
            "id": "/subscriptions/2f07de94-538d-450f-be82-3ac88a5ddcb8/resourceGroups/learningsteps-rg/providers/Microsoft.ContainerService/managedClusters/learningsteps-aks",
            "identity": [
              {
                "identity_ids": null,
                "principal_id": "fa5270bd-0f8a-4599-a92e-78951c6e75ac",
                "tenant_id": "c0531484-50fa-4ff2-97df-b1f2d4810603",
                "type": "SystemAssigned"
              }
            ],
            "image_cleaner_enabled": false,
            "image_cleaner_interval_hours": 48,
            "ingress_application_gateway": [],
            "key_management_service": [],
            "key_vault_secrets_provider": [],
            "kube_admin_config": [],
            "kube_admin_config_raw": "",
            "kube_config": [
              {
                "client_certificate": "LS0tLS1CRUdJTiBDRVJUSUZJQ0FURS0tLS0tCk1JSUZIakNDQXdhZ0F3SUJBZ0lSQU93UkhISnZUUy9yY2N0WldjZzJHT2d3RFFZSktvWklodmNOQVFFTEJRQXcKRFRFTE1Ba0dBMVVFQXhNQ1kyRXdIaGNOTWpZd016STBNVE0wTkRRd1doY05Namd3TXpJME1UTTFORFF3V2pBdwpNUmN3RlFZRFZRUUtFdzV6ZVhOMFpXMDZiV0Z6ZEdWeWN6RVZNQk1HQTFVRUF4TU1iV0Z6ZEdWeVkyeHBaVzUwCk1JSUNJakFOQmdrcWhraUc5dzBCQVFFRkFBT0NBZzhBTUlJQ0NnS0NBZ0VBeXpkdzNEck1aalpwdFlaaGxneHAKREZYTmhudkV2QlJFZEp2dk5IVzdmVGxkQjJmdzJBNmhuMzJEOFJFT1RJbUg4TFIzM2Zkalh6UkduZDdMakc2QwpGdnNKRFNEbExHNTRVeXZya0I0N2ZDVGFEeEhTVkJqamJEZlhKRnNlU1RsVjhBdHF1dURwN3FuOUpZTlpMeXFXCmxKZnpEMUh1aEVGWVJIbVV3MHg1aGJ1OTJJU3Jtc2x6dWE1STJmUlFwR0R3Z2NTd2hYZVR2eWtiVWhpSG16L3QKano4K1paUlArUUExMHlSZmh1a0k2ODYzVEZLR2hCb21mVHlPaXhGZmNBN1FkVGhndFI0K3p0NkxwU3o2RDltaQpHbXNJNThuVGNaVnZreXdFR2xzT3IvVDhlL2w4YzZxQnQycWR3d0RHWTFLVGpTWWdHR0M1QmJPZ1huT0Y2R0sxCkc1dncrTjFOeE1SMTN6Y1lET2RMS1dWempHaXpDM000RERpZzh3aC9lazFrWmVnT2U0eUJCSDdLazUwTlI3K0cKdHV5Q0gzZFBHSDlrNXc2eFExeENaSjlLdlVCZW9aVVRGZ3MvU29SbjVUajJIMHlWN3NFWE1vaTZ4NEFxZTlFbApvc2pHc3A1d2YreFU5cGNCRStDOEpmK3U4Um51YnVpTFBxbCtlUWtvZ0pueTl0WEVvS0ZtUUhaZVFSOVNtem9zCjIrVGdURW9FUnVvL3V0MWNIa0NTV1I0RjFESGJEMk5SSUoyZExYVXFFclZtYjZXTHhCNmFUYTM5dlNadTdhUm8KU3lwR1VtT3NDZmpnZkNHSEdpSGZ6bHRmMlhRSTBhYTBuUDlQUWlCSE1GR1NqNnJFNkRqZEtNNEliYTV4c3pUegplOXVDWmJmWlRRdTBPZWtROTVIZGUyY0NBd0VBQWFOV01GUXdEZ1lEVlIwUEFRSC9CQVFEQWdXZ01CTUdBMVVkCkpRUU1NQW9HQ0NzR0FRVUZCd01DTUF3R0ExVWRFd0VCL3dRQ01BQXdId1lEVlIwakJCZ3dGb0FVTlFKeXNOcFQKQXNsdlIvZFJQaUk3MTZ0Ym5pVXdEUVlKS29aSWh2Y05BUUVMQlFBRGdnSUJBRW93QzkwMTF5YmtQc2hzenlzcApCdkV5YW0rRm5jU0h3bjZqZVA3eWgySC84KzlFT29QL1RtZDEyNlBZd3o1QjdSOFhaYk1OZzRzTVhhKzY1YmtMCjhNZi9XTGQvcWRxL2lYNVJZZWd3YVplb1Rtc0pQZUZmRWErMkZ0T1NyL0dDbWNxbVNwK3Rsa1JRQWJvemZ5aTQKU1FpV1NhbEVBWWhqa2lPTjBVTmhrMW9tTSt5MkFNbVpZUUJNWmdGRDR3T0hkWGNQUXhlYzRCTWE4TzJHa1F5VwpWMDFsKy9kYS9tKzhIbUtVeHcrU2pIR1J2VlNBdjVNRThYY1lnZFJEZTRmUTl3RjNxbDhMSkp5VElWakJrYnhWCmxiZGduMzgzYmFqMDlONmNQZVVQNjBhbE5FVmpHMFZSUHlCTXNBTGNMNmpUR0I1OTg5Z0VuZnpUSHZUZGNzbDQKTlJURlRkMTQwcG5FdU9NN3M5SUY4ZWF3OEZwM0wxOGxTbm9lbG9Oc3M0bitEcERFM29hbUE2Tk9pZ0hhRW5BUAovQ3dkdVA3QzdPckMwREFxYSs4OExndVZkYm1GVktDUmxWQTd4dHZUR2VIRWJiSlpsN1dPS2ZvbTBrTE14K0RLCjY1QjZDbGlQZTlkL1BNeHRXbmQyZFZtQU1qYk5nbEtVMHJza0pkaWsxZTkyZUJyQWpFdVVldXhhYjhXOU1kQ1MKTmxSVEk0QUthNHdQckpCUGgrVUVQU3VDMVUyb3ArcnlsaTUvR1pYcWtqWmZ0S1AzSFJhY0xyMVBOM1VMbGRWNwppb3RrYUJjYlAzSkFrakhmYTZxMENIOVdqV3RJSzV6TzcvaHhWRWtVdFo4Z3BGejNjUE10MkVMMk0vNTJTTjNmCkdkeTVIV2VlZUlIL0lHU2xzYTJGZVFhTgotLS0tLUVORCBDRVJUSUZJQ0FURS0tLS0tCg==",
                "client_key": "LS0tLS1CRUdJTiBSU0EgUFJJVkFURSBLRVktLS0tLQpNSUlKS1FJQkFBS0NBZ0VBeXpkdzNEck1aalpwdFlaaGxneHBERlhOaG52RXZCUkVkSnZ2TkhXN2ZUbGRCMmZ3CjJBNmhuMzJEOFJFT1RJbUg4TFIzM2Zkalh6UkduZDdMakc2Q0Z2c0pEU0RsTEc1NFV5dnJrQjQ3ZkNUYUR4SFMKVkJqamJEZlhKRnNlU1RsVjhBdHF1dURwN3FuOUpZTlpMeXFXbEpmekQxSHVoRUZZUkhtVXcweDVoYnU5MklTcgptc2x6dWE1STJmUlFwR0R3Z2NTd2hYZVR2eWtiVWhpSG16L3RqejgrWlpSUCtRQTEweVJmaHVrSTY4NjNURktHCmhCb21mVHlPaXhGZmNBN1FkVGhndFI0K3p0NkxwU3o2RDltaUdtc0k1OG5UY1pWdmt5d0VHbHNPci9UOGUvbDgKYzZxQnQycWR3d0RHWTFLVGpTWWdHR0M1QmJPZ1huT0Y2R0sxRzV2dytOMU54TVIxM3pjWURPZExLV1Z6akdpegpDM000RERpZzh3aC9lazFrWmVnT2U0eUJCSDdLazUwTlI3K0d0dXlDSDNkUEdIOWs1dzZ4UTF4Q1pKOUt2VUJlCm9aVVRGZ3MvU29SbjVUajJIMHlWN3NFWE1vaTZ4NEFxZTlFbG9zakdzcDV3Zit4VTlwY0JFK0M4SmYrdThSbnUKYnVpTFBxbCtlUWtvZ0pueTl0WEVvS0ZtUUhaZVFSOVNtem9zMitUZ1RFb0VSdW8vdXQxY0hrQ1NXUjRGMURIYgpEMk5SSUoyZExYVXFFclZtYjZXTHhCNmFUYTM5dlNadTdhUm9TeXBHVW1Pc0NmamdmQ0dIR2lIZnpsdGYyWFFJCjBhYTBuUDlQUWlCSE1GR1NqNnJFNkRqZEtNNEliYTV4c3pUemU5dUNaYmZaVFF1ME9la1E5NUhkZTJjQ0F3RUEKQVFLQ0FnQWQ0M2FXL1pMb2lhSThqNW8wdm5pSTF1bldtTWVUdmd0ZmR6dlVaR2lCLzNqZVNQeFVXcnFNd2FJeApSNGZwMitTQms1bDVyUlFSZ1pmTlNtSjNzaDB5RWhQL3VWSGJtaGZhYThCR3Z4dVNvN3pxc0gxVjN4ODc0RzZsCkt6Mm1HV2U1V1lTR0hlUnFOTmhGdHk3YjBCQzdwQ21jbkRsUGZHam1FVmUrN2JXRjVOb0VTV2NQNmdjNlRSYnIKNzVJWXl5VTBnT0JSa1FmSyt0bkkxbEREbGNCejdDSmFRRmtPejJnYk9PTlA3V0JoaGxMUlIrWCs4Zld0UDhYYgpVRi9RRkcyMmYrZEJYRVJ5bXFyQlRYOHQ2NTE2OHprcEZqY2lJbzk1ZnVUUGw0cnVlRUxXWFJoZnpya3JaK1B5Ck5WLzRaY0hMNWNxY3EwVXJRSU1hd1RUMXUrYlUrRjkyUHBvZmpqOHhBVHQzSUJEV0JjZHhaYm1SNVFqaVNIbmwKUXcxejFvTFIvSk1hejZmTVp1M1gwWFlZSnI4SVJMSm10WXI5WjVNVU4zcGJkTXNoY1p1OG1MUHh2d3N0TnkyaApEOVlGZjQvVHB6L2hlS2xwL3IyV29PN0dOcytucUlMUmJmQmpENk45K1pXZGt6WXlrWmk1MmhvYiszSG1YY1puCkIwMHdRUFdOc21hdStrY0Q1RXlYZHFReWdDMFVuUWRoRFJBNmxCeU95NXJlWkRuYUJzTHhZa0ZBSWVTMGhBZkIKK1lFRyttSjdZSFBFbUcrVDFNdG4rWC85ZmdFaktwaG9EaE8vd3ErQjRrK0lobDNoWXFwc0xJMnkyVGJqOWI1ZQpHWEZFNHNqRzh5N3lIT0xlSnhua1pvSU55V3JzQ2o2MUw3VU1ZMUVVenNoU0ZObFF5UUtDQVFFQStLc2ZISmU0CkoyOTk4QkVUR0Q3TVk5WG9mdGk1cEZDcXlwMUdFZUZ4YUdENzhaRnNDcFBTWGdIUWk3WE9SZllMRHptRWhkRFoKZWpZRnhFZlp3WjFRYnZMNlVGalp6Mk8wMDg1NmFsUHFaVzNKZ2RKdk5QRUxnRXA4Ty9VYzAzc0tJN0Vjdk5xUwp1YU52aVRLcFhXQmxIMGZVSUFtWmFlS0xGUzVtUGlJSmFDeCtoUFB5SmdHRVZBL2xidUpLcWZ5OHJ3dWR2WVlvCnVsNUtVemdqUklhZXIvK09ZSVhtNTk5eUt6eGRabW9Cck5GeU1LMS91QnlIS3J4bnowOXJ6ait5czhhbVRFMW0KWEhnaHQ4TWxsK202Und4Tzk0TzJIejhlb29obUFPWmpiaVRudWFWTG1mYWpEUDI3dStPMFBrRmQwbW8rQ2Y4NApyMzRPWnV5UDRHN3Qwd0tDQVFFQTBUVkM4MHU2OWo0WDlzZmMySHBKcDdxQlJzR2FlOGZmbWRUaTAyODl1SkFpCnVNTjFKNEVabng0bnQ2ZXhPZGlETHZ5M1QwRHNZWVBmcCtJbWd6c2hMdG5KcS8yL2FCRkV2SE45TEV1TzlLU0kKNm1oVVVtbk9pUGUxRnR5cExqZ2tYYndjVFRUb1NMSXMyN296V3VwYWNlSkg1bEl6WkZEWm5zR3JwWXVKYjdjbgptdE1KQlpzRU81UEROWWlqaGQ0ai9PcGcwM29RWGhBTmYyU21yenM4Tk1xSnhyN1RRRlFjVTlRTkZTMXNPYlFZCndyd1Z0R0l6U1ozS1l5ZTJ5MzNsMWUrTURHN0R2RXd2alZmV3ZoeWwrcEhGdlZweGgxd1NmWXFud1BPd0xVd1gKd1Yrakd3S1lGSmd2Mmh2SkVEbjYxemxES0Fya1c5cVhqWlhydlNJN25RS0NBUUVBdHNQTzBnMFE1S3NsUE5UUAoyL29MN3pUQTlMb0ZkNmR5WUFqSC8weGJOZ1JTS0hKaG5rU1hVVkMwSG5zNWFHSTJMckp2bklxcnpRNzNuaFBSCkVHUzNRVlNFZFpsWVBQMWpZbWxYdjk1OVlKOFlnN3BPMGZKNEtZcVZWTndLbThUSzV3Qzl4bkEvZHdHUWNKNHoKck5XMGZSRWw3NFllbzV4RjdRTjFVaVZpRkpiZlJvaWxhUm1rVU1SK05NbE5aekxDMjBVR1lzM0FFWHBMMW01awpQWEZVSUxjTHhoV2thTGZxQ2EwTVdNR0JDYXZHNmRBYkZ3NmdxZUJmekJicmZXT0R6RzRzdTlnSGE5OC9xUGhkCklSSkFQd2ZrNGphRUhPTWZlUVlYTW9JaWdrbk5wcnkrbkNLU0pISTVFUmVDMmw3Z3ZrNG4ydUVpb0psZHJIZ2kKSnlwZzBRS0NBUUVBaW42QTRNRWNkdERxV2xNNjd4QWRYRzBLRWNZdXQ0eThpSUMyM0JPRFA0QWpqRDdRZXFOcgpTN3ZSdlRIRkVDODF3TkJKcGF5c0QyNFdqSFFZM0wwekhXbk5xUThsUEFaYWc0ck1yWnNqZXU3Rk9MQnlTZENECmlvYTVHZlpnQlJuamNTNExhazBCRE1idkRWSzVscEVYNk5aTWxMdU1DL2U5Nk92NjdtOXVQMGQzYjNZUFBlZSsKS0phTUh3OWllVWR5ZVliTExKUmM2M2dqQjFlaFJOV282S1hBQ1pMZ0ZIRGFBK0NYL0pJQ1dEelNPMi81eWwxTAo2SXNOcFJCd1lVdnA3L05SdWhWRmZJek8yZm54VGc5M0RXYWRDZG9xMTlucTM3TC9sS3Q5MEs3VDl3NlIwbHFvClJOSHVzNnU3TWdPLysrU0xnYUdjUlBaelo2WjgxY3NvdlFLQ0FRQlVrUnRBWjVqVGV4V2hQblAweUNqeUxEQkEKWFVDSGR1dXFkY3Y0c3gxTXl0OTRmOS9RTVpaVWJua2NLWWxEd1BxZTVnNHJlQ2pwSkxyRkM0U3RSb0hZajJkYwpkMVVXREh4aDdCUFJqT2hvLytvVEZyeTF6b250aFZPcTdibWlvZytLOXFuNGxPNVBPTzlPYy81T2dQSDhNdWg0ClJLNTZBdTRlck1Ha2ZaK0ZqbDk3WW9tTjVtcHlWOUZJb1M2Nkwwd1Z5aDRmd2tQdjdrbFFtOGZ0a0taMXRSQ2cKTDIwZ1hNNlUrTDhIcy9obGtHR01ybEFSQXpLNEdheHV1YUJFVHJMdEFMeDFMaE1qRnlVMHVhZm9KQ1RGMVJtbQppbmRnQ2NFbHNKRFdIb0k3U0RBckNmUmpKUitzcWNyYU9wRnFDY1lLTmVOVUZnTUx0NHI2eUhjc3kwdzYKLS0tLS1FTkQgUlNBIFBSSVZBVEUgS0VZLS0tLS0K",
                "cluster_ca_certificate": "LS0tLS1CRUdJTiBDRVJUSUZJQ0FURS0tLS0tCk1JSUU2VENDQXRHZ0F3SUJBZ0lSQVA4OGVzMWFhZ3hCekhLU0FYcFAwU1V3RFFZSktvWklodmNOQVFFTEJRQXcKRFRFTE1Ba0dBMVVFQXhNQ1kyRXdJQmNOTWpZd016STBNVE0wTkRRd1doZ1BNakExTmpBek1qUXhNelUwTkRCYQpNQTB4Q3pBSkJnTlZCQU1UQW1OaE1JSUNJakFOQmdrcWhraUc5dzBCQVFFRkFBT0NBZzhBTUlJQ0NnS0NBZ0VBCnJ6dW00ejdsTmtRK2RQWE8reHVkdVZRblNhK1lHblh6T1IxWW1BQlQ4YlIrRFZUN0s5d2hiVmw4bXJVaFFFTXAKY2F1V2NQYWhKYWl4TDA2cW94ZnRSbmhqWHFPUXhSMnpvRVFrZi9IZ3hSVzRmMUUreUhkL20xejZ4bUQ2WGU4dgpNVGZFa0UvdGxnUWthZGlib0hlNVlDVXlRdHh6WmVkYWZNK1kxVnljd2RrVmNIamJ2cndJdkdhNXJlamlQKzBpCjZoZ3NOVVBNNUJqWHViM0hRbXVsWlY0SktCMjRMNm4zaEhCS29UNnlaUkM3by9HZkttcXk0V0RnUmVaWEdaYlgKRkxVMElqVFBFYWpreldNaW56M05LUjdUdmM4KzlUd09mV01SRW10WDlZWFVSZ3JIanVMSTM0c202eis5S3Y2RQpldm1lUXJmRW5yMVN6OUtFQVZidDlBL1JNMERMTzBEYmZNam5sWU5WbTNxaUN2OVkxRk43UW81VkplVDk5bXpzClhPd1h3K3JvcWd1V2ZYMkJJamZkVGt1VExsa1VTTXI5bS9ObGFpUVNpanRGVUg3VE5nRmxLUE1mV29XQUNKVVMKbTZ6V2owSi9TYllCYjJuUjFJQy9YVTIzWVJ3d2R6emNPYzNzK1paNER2SzlRYWE5V2UybDdFMWlWRVVHRmcrcQpZS1VZS1plRFZlUmYyZjUyNnRDVDZQRkJIY3pFQTJucTVkSnB2cFhRMVhwMVhHcjB6V0ZVS3dSVUZjaGpHOXBmCmc1MFNzeHB4cnhTTjBuKzJpcHlWdlN1dmQ2b2dMWUxWVk5GNURDbEppc0l4TC9VVE45d0djYzlmaVBONkVid1MKTDVLeklpYkZiM2l0VHZvMFZEajJQWHdCV2szU2JsWDYwaGZCR1hPZWhIc0NBd0VBQWFOQ01FQXdEZ1lEVlIwUApBUUgvQkFRREFnS2tNQThHQTFVZEV3RUIvd1FGTUFNQkFmOHdIUVlEVlIwT0JCWUVGRFVDY3JEYVV3TEpiMGYzClVUNGlPOWVyVzU0bE1BMEdDU3FHU0liM0RRRUJDd1VBQTRJQ0FRQW9UTjlnQ3c0Q21WamlTS0dkL0JqZ0xXb00KVXBERHpaY0FSWVFsb0Mrck53ZUVuWlErbFNSV0lLS3dHT1BsdFdwVjlxUlNQYXFGVEUzQ21nSUFtYkR4T2ZvSAplM3RZVjdkWnRaa2hDT1psUWZHdTVSQ2ptc0xmdEpySndCV2dSeVEveUdiQ2dUc2ovMGIxL2Y0bSsxWFNTN2tDCnNmWXV1NXJoNmRXTHI3MnowdDArbFRrYzNSZFBQaHdwbUZUN2ZxWlczc3N6NHhHenFOVkpSYys5ZGIvdzRpQVkKRWREc1B2V0tmUUJuU2xkZXlwY2NjWFFoK0FaNC9XamxKVnJ3d3hYejJqUjZRRWR3Y3FjcnFoamwyUlJzZW1Eagovc3BVN0NEL2txOUUvaGZybk4vdk9CZ1hTaXZBQkpXMmFoTFdVY0xFOVdYS3FJWUFuSWRhdGU0Nm5HcU1CekYwCjNaaktNZE0valVqQ3VRb2N2OVk5QXhGLzRuOGNZL2xRczY4ck41M2dwU0Y2dDViQ0NhZjVwdG9qdDU2T1ZNUTEKclBYYm1rd2pCdkxPQStwVGwvaW56SmFwSUhKN29nVUdiYUk5ZWt5ZDFoMjNVSnUvRW1WNDE5OEwyQ0dOdWpzSApSQmdwQkVvdkZHS0ZOMlduYlVVQzh4WW5nYTFvMFk5U3RwU1lNSkJCT0hpOEJYQmFUOE1xejBJRy96aURMM0RJCmwvSThzS1lDa0g2QndMRFoweE9RWCtkVndPa3ZiU1ZoeXJkKzNkTDh2RVJ2QlkxOXV5UFRGL0xHaXIrRWF4aWoKOFdyZENjQk1PRE9oRHN0cmk0YUZCRnhiQkhBNUVYZ2cxWWhuL05NeHR5MnVqUSt3RmJBWWVOZVpvWGIwVm9vNApCOExYbDNSTHBrMW9IaDlRbkE9PQotLS0tLUVORCBDRVJUSUZJQ0FURS0tLS0tCg==",
                "host": "https://learningsteps-163omz12.hcp.westeurope.azmk8s.io:443",
                "password": "o662vlwrm026sfbj02yr6vp8xc32ume3iy8f7uhs8fefvgc198oze3tdwqthqxth8prad3ew9sutndhg6czwrl1n652np85xax4fsd3v0fcunh5rac0hrje6gh6xe81s",
                "username": "clusterUser_learningsteps-rg_learningsteps-aks"
              }
            ],
            "kube_config_raw": "apiVersion: v1\nclusters:\n- cluster:\n    certificate-authority-data: LS0tLS1CRUdJTiBDRVJUSUZJQ0FURS0tLS0tCk1JSUU2VENDQXRHZ0F3SUJBZ0lSQVA4OGVzMWFhZ3hCekhLU0FYcFAwU1V3RFFZSktvWklodmNOQVFFTEJRQXcKRFRFTE1Ba0dBMVVFQXhNQ1kyRXdJQmNOTWpZd016STBNVE0wTkRRd1doZ1BNakExTmpBek1qUXhNelUwTkRCYQpNQTB4Q3pBSkJnTlZCQU1UQW1OaE1JSUNJakFOQmdrcWhraUc5dzBCQVFFRkFBT0NBZzhBTUlJQ0NnS0NBZ0VBCnJ6dW00ejdsTmtRK2RQWE8reHVkdVZRblNhK1lHblh6T1IxWW1BQlQ4YlIrRFZUN0s5d2hiVmw4bXJVaFFFTXAKY2F1V2NQYWhKYWl4TDA2cW94ZnRSbmhqWHFPUXhSMnpvRVFrZi9IZ3hSVzRmMUUreUhkL20xejZ4bUQ2WGU4dgpNVGZFa0UvdGxnUWthZGlib0hlNVlDVXlRdHh6WmVkYWZNK1kxVnljd2RrVmNIamJ2cndJdkdhNXJlamlQKzBpCjZoZ3NOVVBNNUJqWHViM0hRbXVsWlY0SktCMjRMNm4zaEhCS29UNnlaUkM3by9HZkttcXk0V0RnUmVaWEdaYlgKRkxVMElqVFBFYWpreldNaW56M05LUjdUdmM4KzlUd09mV01SRW10WDlZWFVSZ3JIanVMSTM0c202eis5S3Y2RQpldm1lUXJmRW5yMVN6OUtFQVZidDlBL1JNMERMTzBEYmZNam5sWU5WbTNxaUN2OVkxRk43UW81VkplVDk5bXpzClhPd1h3K3JvcWd1V2ZYMkJJamZkVGt1VExsa1VTTXI5bS9ObGFpUVNpanRGVUg3VE5nRmxLUE1mV29XQUNKVVMKbTZ6V2owSi9TYllCYjJuUjFJQy9YVTIzWVJ3d2R6emNPYzNzK1paNER2SzlRYWE5V2UybDdFMWlWRVVHRmcrcQpZS1VZS1plRFZlUmYyZjUyNnRDVDZQRkJIY3pFQTJucTVkSnB2cFhRMVhwMVhHcjB6V0ZVS3dSVUZjaGpHOXBmCmc1MFNzeHB4cnhTTjBuKzJpcHlWdlN1dmQ2b2dMWUxWVk5GNURDbEppc0l4TC9VVE45d0djYzlmaVBONkVid1MKTDVLeklpYkZiM2l0VHZvMFZEajJQWHdCV2szU2JsWDYwaGZCR1hPZWhIc0NBd0VBQWFOQ01FQXdEZ1lEVlIwUApBUUgvQkFRREFnS2tNQThHQTFVZEV3RUIvd1FGTUFNQkFmOHdIUVlEVlIwT0JCWUVGRFVDY3JEYVV3TEpiMGYzClVUNGlPOWVyVzU0bE1BMEdDU3FHU0liM0RRRUJDd1VBQTRJQ0FRQW9UTjlnQ3c0Q21WamlTS0dkL0JqZ0xXb00KVXBERHpaY0FSWVFsb0Mrck53ZUVuWlErbFNSV0lLS3dHT1BsdFdwVjlxUlNQYXFGVEUzQ21nSUFtYkR4T2ZvSAplM3RZVjdkWnRaa2hDT1psUWZHdTVSQ2ptc0xmdEpySndCV2dSeVEveUdiQ2dUc2ovMGIxL2Y0bSsxWFNTN2tDCnNmWXV1NXJoNmRXTHI3MnowdDArbFRrYzNSZFBQaHdwbUZUN2ZxWlczc3N6NHhHenFOVkpSYys5ZGIvdzRpQVkKRWREc1B2V0tmUUJuU2xkZXlwY2NjWFFoK0FaNC9XamxKVnJ3d3hYejJqUjZRRWR3Y3FjcnFoamwyUlJzZW1Eagovc3BVN0NEL2txOUUvaGZybk4vdk9CZ1hTaXZBQkpXMmFoTFdVY0xFOVdYS3FJWUFuSWRhdGU0Nm5HcU1CekYwCjNaaktNZE0valVqQ3VRb2N2OVk5QXhGLzRuOGNZL2xRczY4ck41M2dwU0Y2dDViQ0NhZjVwdG9qdDU2T1ZNUTEKclBYYm1rd2pCdkxPQStwVGwvaW56SmFwSUhKN29nVUdiYUk5ZWt5ZDFoMjNVSnUvRW1WNDE5OEwyQ0dOdWpzSApSQmdwQkVvdkZHS0ZOMlduYlVVQzh4WW5nYTFvMFk5U3RwU1lNSkJCT0hpOEJYQmFUOE1xejBJRy96aURMM0RJCmwvSThzS1lDa0g2QndMRFoweE9RWCtkVndPa3ZiU1ZoeXJkKzNkTDh2RVJ2QlkxOXV5UFRGL0xHaXIrRWF4aWoKOFdyZENjQk1PRE9oRHN0cmk0YUZCRnhiQkhBNUVYZ2cxWWhuL05NeHR5MnVqUSt3RmJBWWVOZVpvWGIwVm9vNApCOExYbDNSTHBrMW9IaDlRbkE9PQotLS0tLUVORCBDRVJUSUZJQ0FURS0tLS0tCg==\n    server: https://learningsteps-163omz12.hcp.westeurope.azmk8s.io:443\n  name: learningsteps-aks\ncontexts:\n- context:\n    cluster: learningsteps-aks\n    user: clusterUser_learningsteps-rg_learningsteps-aks\n  name: learningsteps-aks\ncurrent-context: learningsteps-aks\nkind: Config\nusers:\n- name: clusterUser_learningsteps-rg_learningsteps-aks\n  user:\n    client-certificate-data: LS0tLS1CRUdJTiBDRVJUSUZJQ0FURS0tLS0tCk1JSUZIakNDQXdhZ0F3SUJBZ0lSQU93UkhISnZUUy9yY2N0WldjZzJHT2d3RFFZSktvWklodmNOQVFFTEJRQXcKRFRFTE1Ba0dBMVVFQXhNQ1kyRXdIaGNOTWpZd016STBNVE0wTkRRd1doY05Namd3TXpJME1UTTFORFF3V2pBdwpNUmN3RlFZRFZRUUtFdzV6ZVhOMFpXMDZiV0Z6ZEdWeWN6RVZNQk1HQTFVRUF4TU1iV0Z6ZEdWeVkyeHBaVzUwCk1JSUNJakFOQmdrcWhraUc5dzBCQVFFRkFBT0NBZzhBTUlJQ0NnS0NBZ0VBeXpkdzNEck1aalpwdFlaaGxneHAKREZYTmhudkV2QlJFZEp2dk5IVzdmVGxkQjJmdzJBNmhuMzJEOFJFT1RJbUg4TFIzM2Zkalh6UkduZDdMakc2QwpGdnNKRFNEbExHNTRVeXZya0I0N2ZDVGFEeEhTVkJqamJEZlhKRnNlU1RsVjhBdHF1dURwN3FuOUpZTlpMeXFXCmxKZnpEMUh1aEVGWVJIbVV3MHg1aGJ1OTJJU3Jtc2x6dWE1STJmUlFwR0R3Z2NTd2hYZVR2eWtiVWhpSG16L3QKano4K1paUlArUUExMHlSZmh1a0k2ODYzVEZLR2hCb21mVHlPaXhGZmNBN1FkVGhndFI0K3p0NkxwU3o2RDltaQpHbXNJNThuVGNaVnZreXdFR2xzT3IvVDhlL2w4YzZxQnQycWR3d0RHWTFLVGpTWWdHR0M1QmJPZ1huT0Y2R0sxCkc1dncrTjFOeE1SMTN6Y1lET2RMS1dWempHaXpDM000RERpZzh3aC9lazFrWmVnT2U0eUJCSDdLazUwTlI3K0cKdHV5Q0gzZFBHSDlrNXc2eFExeENaSjlLdlVCZW9aVVRGZ3MvU29SbjVUajJIMHlWN3NFWE1vaTZ4NEFxZTlFbApvc2pHc3A1d2YreFU5cGNCRStDOEpmK3U4Um51YnVpTFBxbCtlUWtvZ0pueTl0WEVvS0ZtUUhaZVFSOVNtem9zCjIrVGdURW9FUnVvL3V0MWNIa0NTV1I0RjFESGJEMk5SSUoyZExYVXFFclZtYjZXTHhCNmFUYTM5dlNadTdhUm8KU3lwR1VtT3NDZmpnZkNHSEdpSGZ6bHRmMlhRSTBhYTBuUDlQUWlCSE1GR1NqNnJFNkRqZEtNNEliYTV4c3pUegplOXVDWmJmWlRRdTBPZWtROTVIZGUyY0NBd0VBQWFOV01GUXdEZ1lEVlIwUEFRSC9CQVFEQWdXZ01CTUdBMVVkCkpRUU1NQW9HQ0NzR0FRVUZCd01DTUF3R0ExVWRFd0VCL3dRQ01BQXdId1lEVlIwakJCZ3dGb0FVTlFKeXNOcFQKQXNsdlIvZFJQaUk3MTZ0Ym5pVXdEUVlKS29aSWh2Y05BUUVMQlFBRGdnSUJBRW93QzkwMTF5YmtQc2hzenlzcApCdkV5YW0rRm5jU0h3bjZqZVA3eWgySC84KzlFT29QL1RtZDEyNlBZd3o1QjdSOFhaYk1OZzRzTVhhKzY1YmtMCjhNZi9XTGQvcWRxL2lYNVJZZWd3YVplb1Rtc0pQZUZmRWErMkZ0T1NyL0dDbWNxbVNwK3Rsa1JRQWJvemZ5aTQKU1FpV1NhbEVBWWhqa2lPTjBVTmhrMW9tTSt5MkFNbVpZUUJNWmdGRDR3T0hkWGNQUXhlYzRCTWE4TzJHa1F5VwpWMDFsKy9kYS9tKzhIbUtVeHcrU2pIR1J2VlNBdjVNRThYY1lnZFJEZTRmUTl3RjNxbDhMSkp5VElWakJrYnhWCmxiZGduMzgzYmFqMDlONmNQZVVQNjBhbE5FVmpHMFZSUHlCTXNBTGNMNmpUR0I1OTg5Z0VuZnpUSHZUZGNzbDQKTlJURlRkMTQwcG5FdU9NN3M5SUY4ZWF3OEZwM0wxOGxTbm9lbG9Oc3M0bitEcERFM29hbUE2Tk9pZ0hhRW5BUAovQ3dkdVA3QzdPckMwREFxYSs4OExndVZkYm1GVktDUmxWQTd4dHZUR2VIRWJiSlpsN1dPS2ZvbTBrTE14K0RLCjY1QjZDbGlQZTlkL1BNeHRXbmQyZFZtQU1qYk5nbEtVMHJza0pkaWsxZTkyZUJyQWpFdVVldXhhYjhXOU1kQ1MKTmxSVEk0QUthNHdQckpCUGgrVUVQU3VDMVUyb3ArcnlsaTUvR1pYcWtqWmZ0S1AzSFJhY0xyMVBOM1VMbGRWNwppb3RrYUJjYlAzSkFrakhmYTZxMENIOVdqV3RJSzV6TzcvaHhWRWtVdFo4Z3BGejNjUE10MkVMMk0vNTJTTjNmCkdkeTVIV2VlZUlIL0lHU2xzYTJGZVFhTgotLS0tLUVORCBDRVJUSUZJQ0FURS0tLS0tCg==\n    client-key-data: LS0tLS1CRUdJTiBSU0EgUFJJVkFURSBLRVktLS0tLQpNSUlKS1FJQkFBS0NBZ0VBeXpkdzNEck1aalpwdFlaaGxneHBERlhOaG52RXZCUkVkSnZ2TkhXN2ZUbGRCMmZ3CjJBNmhuMzJEOFJFT1RJbUg4TFIzM2Zkalh6UkduZDdMakc2Q0Z2c0pEU0RsTEc1NFV5dnJrQjQ3ZkNUYUR4SFMKVkJqamJEZlhKRnNlU1RsVjhBdHF1dURwN3FuOUpZTlpMeXFXbEpmekQxSHVoRUZZUkhtVXcweDVoYnU5MklTcgptc2x6dWE1STJmUlFwR0R3Z2NTd2hYZVR2eWtiVWhpSG16L3RqejgrWlpSUCtRQTEweVJmaHVrSTY4NjNURktHCmhCb21mVHlPaXhGZmNBN1FkVGhndFI0K3p0NkxwU3o2RDltaUdtc0k1OG5UY1pWdmt5d0VHbHNPci9UOGUvbDgKYzZxQnQycWR3d0RHWTFLVGpTWWdHR0M1QmJPZ1huT0Y2R0sxRzV2dytOMU54TVIxM3pjWURPZExLV1Z6akdpegpDM000RERpZzh3aC9lazFrWmVnT2U0eUJCSDdLazUwTlI3K0d0dXlDSDNkUEdIOWs1dzZ4UTF4Q1pKOUt2VUJlCm9aVVRGZ3MvU29SbjVUajJIMHlWN3NFWE1vaTZ4NEFxZTlFbG9zakdzcDV3Zit4VTlwY0JFK0M4SmYrdThSbnUKYnVpTFBxbCtlUWtvZ0pueTl0WEVvS0ZtUUhaZVFSOVNtem9zMitUZ1RFb0VSdW8vdXQxY0hrQ1NXUjRGMURIYgpEMk5SSUoyZExYVXFFclZtYjZXTHhCNmFUYTM5dlNadTdhUm9TeXBHVW1Pc0NmamdmQ0dIR2lIZnpsdGYyWFFJCjBhYTBuUDlQUWlCSE1GR1NqNnJFNkRqZEtNNEliYTV4c3pUemU5dUNaYmZaVFF1ME9la1E5NUhkZTJjQ0F3RUEKQVFLQ0FnQWQ0M2FXL1pMb2lhSThqNW8wdm5pSTF1bldtTWVUdmd0ZmR6dlVaR2lCLzNqZVNQeFVXcnFNd2FJeApSNGZwMitTQms1bDVyUlFSZ1pmTlNtSjNzaDB5RWhQL3VWSGJtaGZhYThCR3Z4dVNvN3pxc0gxVjN4ODc0RzZsCkt6Mm1HV2U1V1lTR0hlUnFOTmhGdHk3YjBCQzdwQ21jbkRsUGZHam1FVmUrN2JXRjVOb0VTV2NQNmdjNlRSYnIKNzVJWXl5VTBnT0JSa1FmSyt0bkkxbEREbGNCejdDSmFRRmtPejJnYk9PTlA3V0JoaGxMUlIrWCs4Zld0UDhYYgpVRi9RRkcyMmYrZEJYRVJ5bXFyQlRYOHQ2NTE2OHprcEZqY2lJbzk1ZnVUUGw0cnVlRUxXWFJoZnpya3JaK1B5Ck5WLzRaY0hMNWNxY3EwVXJRSU1hd1RUMXUrYlUrRjkyUHBvZmpqOHhBVHQzSUJEV0JjZHhaYm1SNVFqaVNIbmwKUXcxejFvTFIvSk1hejZmTVp1M1gwWFlZSnI4SVJMSm10WXI5WjVNVU4zcGJkTXNoY1p1OG1MUHh2d3N0TnkyaApEOVlGZjQvVHB6L2hlS2xwL3IyV29PN0dOcytucUlMUmJmQmpENk45K1pXZGt6WXlrWmk1MmhvYiszSG1YY1puCkIwMHdRUFdOc21hdStrY0Q1RXlYZHFReWdDMFVuUWRoRFJBNmxCeU95NXJlWkRuYUJzTHhZa0ZBSWVTMGhBZkIKK1lFRyttSjdZSFBFbUcrVDFNdG4rWC85ZmdFaktwaG9EaE8vd3ErQjRrK0lobDNoWXFwc0xJMnkyVGJqOWI1ZQpHWEZFNHNqRzh5N3lIT0xlSnhua1pvSU55V3JzQ2o2MUw3VU1ZMUVVenNoU0ZObFF5UUtDQVFFQStLc2ZISmU0CkoyOTk4QkVUR0Q3TVk5WG9mdGk1cEZDcXlwMUdFZUZ4YUdENzhaRnNDcFBTWGdIUWk3WE9SZllMRHptRWhkRFoKZWpZRnhFZlp3WjFRYnZMNlVGalp6Mk8wMDg1NmFsUHFaVzNKZ2RKdk5QRUxnRXA4Ty9VYzAzc0tJN0Vjdk5xUwp1YU52aVRLcFhXQmxIMGZVSUFtWmFlS0xGUzVtUGlJSmFDeCtoUFB5SmdHRVZBL2xidUpLcWZ5OHJ3dWR2WVlvCnVsNUtVemdqUklhZXIvK09ZSVhtNTk5eUt6eGRabW9Cck5GeU1LMS91QnlIS3J4bnowOXJ6ait5czhhbVRFMW0KWEhnaHQ4TWxsK202Und4Tzk0TzJIejhlb29obUFPWmpiaVRudWFWTG1mYWpEUDI3dStPMFBrRmQwbW8rQ2Y4NApyMzRPWnV5UDRHN3Qwd0tDQVFFQTBUVkM4MHU2OWo0WDlzZmMySHBKcDdxQlJzR2FlOGZmbWRUaTAyODl1SkFpCnVNTjFKNEVabng0bnQ2ZXhPZGlETHZ5M1QwRHNZWVBmcCtJbWd6c2hMdG5KcS8yL2FCRkV2SE45TEV1TzlLU0kKNm1oVVVtbk9pUGUxRnR5cExqZ2tYYndjVFRUb1NMSXMyN296V3VwYWNlSkg1bEl6WkZEWm5zR3JwWXVKYjdjbgptdE1KQlpzRU81UEROWWlqaGQ0ai9PcGcwM29RWGhBTmYyU21yenM4Tk1xSnhyN1RRRlFjVTlRTkZTMXNPYlFZCndyd1Z0R0l6U1ozS1l5ZTJ5MzNsMWUrTURHN0R2RXd2alZmV3ZoeWwrcEhGdlZweGgxd1NmWXFud1BPd0xVd1gKd1Yrakd3S1lGSmd2Mmh2SkVEbjYxemxES0Fya1c5cVhqWlhydlNJN25RS0NBUUVBdHNQTzBnMFE1S3NsUE5UUAoyL29MN3pUQTlMb0ZkNmR5WUFqSC8weGJOZ1JTS0hKaG5rU1hVVkMwSG5zNWFHSTJMckp2bklxcnpRNzNuaFBSCkVHUzNRVlNFZFpsWVBQMWpZbWxYdjk1OVlKOFlnN3BPMGZKNEtZcVZWTndLbThUSzV3Qzl4bkEvZHdHUWNKNHoKck5XMGZSRWw3NFllbzV4RjdRTjFVaVZpRkpiZlJvaWxhUm1rVU1SK05NbE5aekxDMjBVR1lzM0FFWHBMMW01awpQWEZVSUxjTHhoV2thTGZxQ2EwTVdNR0JDYXZHNmRBYkZ3NmdxZUJmekJicmZXT0R6RzRzdTlnSGE5OC9xUGhkCklSSkFQd2ZrNGphRUhPTWZlUVlYTW9JaWdrbk5wcnkrbkNLU0pISTVFUmVDMmw3Z3ZrNG4ydUVpb0psZHJIZ2kKSnlwZzBRS0NBUUVBaW42QTRNRWNkdERxV2xNNjd4QWRYRzBLRWNZdXQ0eThpSUMyM0JPRFA0QWpqRDdRZXFOcgpTN3ZSdlRIRkVDODF3TkJKcGF5c0QyNFdqSFFZM0wwekhXbk5xUThsUEFaYWc0ck1yWnNqZXU3Rk9MQnlTZENECmlvYTVHZlpnQlJuamNTNExhazBCRE1idkRWSzVscEVYNk5aTWxMdU1DL2U5Nk92NjdtOXVQMGQzYjNZUFBlZSsKS0phTUh3OWllVWR5ZVliTExKUmM2M2dqQjFlaFJOV282S1hBQ1pMZ0ZIRGFBK0NYL0pJQ1dEelNPMi81eWwxTAo2SXNOcFJCd1lVdnA3L05SdWhWRmZJek8yZm54VGc5M0RXYWRDZG9xMTlucTM3TC9sS3Q5MEs3VDl3NlIwbHFvClJOSHVzNnU3TWdPLysrU0xnYUdjUlBaelo2WjgxY3NvdlFLQ0FRQlVrUnRBWjVqVGV4V2hQblAweUNqeUxEQkEKWFVDSGR1dXFkY3Y0c3gxTXl0OTRmOS9RTVpaVWJua2NLWWxEd1BxZTVnNHJlQ2pwSkxyRkM0U3RSb0hZajJkYwpkMVVXREh4aDdCUFJqT2hvLytvVEZyeTF6b250aFZPcTdibWlvZytLOXFuNGxPNVBPTzlPYy81T2dQSDhNdWg0ClJLNTZBdTRlck1Ha2ZaK0ZqbDk3WW9tTjVtcHlWOUZJb1M2Nkwwd1Z5aDRmd2tQdjdrbFFtOGZ0a0taMXRSQ2cKTDIwZ1hNNlUrTDhIcy9obGtHR01ybEFSQXpLNEdheHV1YUJFVHJMdEFMeDFMaE1qRnlVMHVhZm9KQ1RGMVJtbQppbmRnQ2NFbHNKRFdIb0k3U0RBckNmUmpKUitzcWNyYU9wRnFDY1lLTmVOVUZnTUx0NHI2eUhjc3kwdzYKLS0tLS1FTkQgUlNBIFBSSVZBVEUgS0VZLS0tLS0K\n    token: o662vlwrm026sfbj02yr6vp8xc32ume3iy8f7uhs8fefvgc198oze3tdwqthqxth8prad3ew9sutndhg6czwrl1n652np85xax4fsd3v0fcunh5rac0hrje6gh6xe81s\n",
            "kubelet_identity": [
              {
                "client_id": "8a8d38f9-c61a-47bf-8cc6-b49d1b660875",
                "object_id": "43ce232b-07b5-467c-bf6e-82a7adb8a86c",
                "user_assigned_identity_id": "/subscriptions/2f07de94-538d-450f-be82-3ac88a5ddcb8/resourceGroups/MC_learningsteps-rg_learningsteps-aks_westeurope/providers/Microsoft.ManagedIdentity/userAssignedIdentities/learningsteps-aks-agentpool"
              }
            ],
            "kubernetes_version": "1.33",
            "linux_profile": [],
            "local_account_disabled": false,
            "location": "westeurope",
            "maintenance_window": [],
            "maintenance_window_auto_upgrade": [],
            "maintenance_window_node_os": [],
            "microsoft_defender": [],
            "monitor_metrics": [],
            "name": "learningsteps-aks",
            "network_profile": [
              {
                "dns_service_ip": "10.1.0.10",
                "docker_bridge_cidr": "",
                "ebpf_data_plane": "",
                "ip_versions": [
                  "IPv4"
                ],
                "load_balancer_profile": [
                  {
                    "effective_outbound_ips": [
                      "/subscriptions/2f07de94-538d-450f-be82-3ac88a5ddcb8/resourceGroups/MC_learningsteps-rg_learningsteps-aks_westeurope/providers/Microsoft.Network/publicIPAddresses/eb687ffe-fa4a-460b-97dc-5d7119e08323"
                    ],
                    "idle_timeout_in_minutes": 0,
                    "managed_outbound_ip_count": 1,
                    "managed_outbound_ipv6_count": 0,
                    "outbound_ip_address_ids": [],
                    "outbound_ip_prefix_ids": [],
                    "outbound_ports_allocated": 0
                  }
                ],
                "load_balancer_sku": "standard",
                "nat_gateway_profile": [],
                "network_data_plane": "azure",
                "network_mode": "",
                "network_plugin": "azure",
                "network_plugin_mode": "",
                "network_policy": "",
                "outbound_ip_address_ids": [],
                "outbound_ip_prefix_ids": [],
                "outbound_type": "loadBalancer",
                "pod_cidr": "",
                "pod_cidrs": [],
                "service_cidr": "10.1.0.0/16",
                "service_cidrs": [
                  "10.1.0.0/16"
                ]
              }
            ],
            "node_os_channel_upgrade": null,
            "node_resource_group": "MC_learningsteps-rg_learningsteps-aks_westeurope",
            "node_resource_group_id": "/subscriptions/2f07de94-538d-450f-be82-3ac88a5ddcb8/resourceGroups/MC_learningsteps-rg_learningsteps-aks_westeurope",
            "oidc_issuer_enabled": false,
            "oidc_issuer_url": "",
            "oms_agent": [],
            "open_service_mesh_enabled": null,
            "portal_fqdn": "learningsteps-163omz12.portal.hcp.westeurope.azmk8s.io",
            "private_cluster_enabled": false,
            "private_cluster_public_fqdn_enabled": false,
            "private_dns_zone_id": "",
            "private_fqdn": "",
            "public_network_access_enabled": true,
            "resource_group_name": "learningsteps-rg",
            "role_based_access_control_enabled": true,
            "run_command_enabled": true,
            "service_mesh_profile": [],
            "service_principal": [],
            "sku_tier": "Free",
            "storage_profile": [],
            "support_plan": "KubernetesOfficial",
            "tags": null,
            "timeouts": null,
            "web_app_routing": [],
            "windows_profile": [
              {
                "admin_password": "",
                "admin_username": "azureuser",
                "gmsa": [],
                "license": ""
              }
            ],
            "workload_autoscaler_profile": [],
            "workload_identity_enabled": false
          },
          "sensitive_attributes": [
            [
              {
                "type": "get_attr",
                "value": "kube_admin_config"
              }
            ],
            [
              {
                "type": "get_attr",
                "value": "kube_admin_config_raw"
              }
            ],
            [
              {
                "type": "get_attr",
                "value": "kube_config"
              }
            ],
            [
              {
                "type": "get_attr",
                "value": "kube_config_raw"
              }
            ],
            [
              {
                "type": "get_attr",
                "value": "windows_profile"
              },
              {
                "type": "index",
                "value": {
                  "value": 0,
                  "type": "number"
                }
              },
              {
                "type": "get_attr",
                "value": "admin_password"
              }
            ]
          ],
          "identity_schema_version": 0,
          "private": "eyJlMmJmYjczMC1lY2FhLTExZTYtOGY4OC0zNDM2M2JjN2M0YzAiOnsiY3JlYXRlIjo1NDAwMDAwMDAwMDAwLCJkZWxldGUiOjU0MDAwMDAwMDAwMDAsInJlYWQiOjMwMDAwMDAwMDAwMCwidXBkYXRlIjo1NDAwMDAwMDAwMDAwfSwic2NoZW1hX3ZlcnNpb24iOiIyIn0=",
          "dependencies": [
            "azurerm_resource_group.main",
            "azurerm_subnet.aks",
            "azurerm_virtual_network.main"
          ]
        }
      ]
    },
    {
      "mode": "managed",
      "type": "azurerm_postgresql_flexible_server",
      "name": "main",
      "provider": "provider[\"registry.terraform.io/hashicorp/azurerm\"]",
      "instances": [
        {
          "schema_version": 0,
          "attributes": {
            "administrator_login": "dbadmin",
            "administrator_password": "LearnSteps2025!",
            "authentication": [
              {
                "active_directory_auth_enabled": false,
                "password_auth_enabled": true,
                "tenant_id": ""
              }
            ],
            "auto_grow_enabled": false,
            "backup_retention_days": 7,
            "create_mode": null,
            "customer_managed_key": [],
            "delegated_subnet_id": "/subscriptions/2f07de94-538d-450f-be82-3ac88a5ddcb8/resourceGroups/learningsteps-rg/providers/Microsoft.Network/virtualNetworks/learningsteps-vnet/subnets/db-subnet",
            "fqdn": "learningsteps-db.postgres.database.azure.com",
            "geo_redundant_backup_enabled": false,
            "high_availability": [],
            "id": "/subscriptions/2f07de94-538d-450f-be82-3ac88a5ddcb8/resourceGroups/learningsteps-rg/providers/Microsoft.DBforPostgreSQL/flexibleServers/learningsteps-db",
            "identity": [],
            "location": "westeurope",
            "maintenance_window": [],
            "name": "learningsteps-db",
            "point_in_time_restore_time_in_utc": null,
            "private_dns_zone_id": "/subscriptions/2f07de94-538d-450f-be82-3ac88a5ddcb8/resourceGroups/learningsteps-rg/providers/Microsoft.Network/privateDnsZones/learningsteps.postgres.database.azure.com",
            "public_network_access_enabled": false,
            "replication_role": "",
            "resource_group_name": "learningsteps-rg",
            "sku_name": "B_Standard_B1ms",
            "source_server_id": null,
            "storage_mb": 32768,
            "storage_tier": "P4",
            "tags": null,
            "timeouts": null,
            "version": "15",
            "zone": "3"
          },
          "sensitive_attributes": [
            [
              {
                "type": "get_attr",
                "value": "administrator_password"
              }
            ]
          ],
          "identity_schema_version": 0,
          "private": "eyJlMmJmYjczMC1lY2FhLTExZTYtOGY4OC0zNDM2M2JjN2M0YzAiOnsiY3JlYXRlIjozNjAwMDAwMDAwMDAwLCJkZWxldGUiOjM2MDAwMDAwMDAwMDAsInJlYWQiOjMwMDAwMDAwMDAwMCwidXBkYXRlIjozNjAwMDAwMDAwMDAwfX0=",
          "dependencies": [
            "azurerm_private_dns_zone.pg",
            "azurerm_private_dns_zone_virtual_network_link.pg",
            "azurerm_resource_group.main",
            "azurerm_subnet.db",
            "azurerm_virtual_network.main"
          ]
        }
      ]
    },
    {
      "mode": "managed",
      "type": "azurerm_postgresql_flexible_server_database",
      "name": "main",
      "provider": "provider[\"registry.terraform.io/hashicorp/azurerm\"]",
      "instances": [
        {
          "schema_version": 0,
          "attributes": {
            "charset": "UTF8",
            "collation": "en_US.utf8",
            "id": "/subscriptions/2f07de94-538d-450f-be82-3ac88a5ddcb8/resourceGroups/learningsteps-rg/providers/Microsoft.DBforPostgreSQL/flexibleServers/learningsteps-db/databases/learning_journal",
            "name": "learning_journal",
            "server_id": "/subscriptions/2f07de94-538d-450f-be82-3ac88a5ddcb8/resourceGroups/learningsteps-rg/providers/Microsoft.DBforPostgreSQL/flexibleServers/learningsteps-db",
            "timeouts": null
          },
          "sensitive_attributes": [],
          "identity_schema_version": 0,
          "private": "eyJlMmJmYjczMC1lY2FhLTExZTYtOGY4OC0zNDM2M2JjN2M0YzAiOnsiY3JlYXRlIjoxODAwMDAwMDAwMDAwLCJkZWxldGUiOjE4MDAwMDAwMDAwMDAsInJlYWQiOjMwMDAwMDAwMDAwMH19",
          "dependencies": [
            "azurerm_postgresql_flexible_server.main",
            "azurerm_private_dns_zone.pg",
            "azurerm_private_dns_zone_virtual_network_link.pg",
            "azurerm_resource_group.main",
            "azurerm_subnet.db",
            "azurerm_virtual_network.main"
          ]
        }
      ]
    },
    {
      "mode": "managed",
      "type": "azurerm_private_dns_zone",
      "name": "pg",
      "provider": "provider[\"registry.terraform.io/hashicorp/azurerm\"]",
      "instances": [
        {
          "schema_version": 0,
          "attributes": {
            "id": "/subscriptions/2f07de94-538d-450f-be82-3ac88a5ddcb8/resourceGroups/learningsteps-rg/providers/Microsoft.Network/privateDnsZones/learningsteps.postgres.database.azure.com",
            "max_number_of_record_sets": 25000,
            "max_number_of_virtual_network_links": 1000,
            "max_number_of_virtual_network_links_with_registration": 100,
            "name": "learningsteps.postgres.database.azure.com",
            "number_of_record_sets": 1,
            "resource_group_name": "learningsteps-rg",
            "soa_record": [
              {
                "email": "azureprivatedns-host.microsoft.com",
                "expire_time": 2419200,
                "fqdn": "learningsteps.postgres.database.azure.com.",
                "host_name": "azureprivatedns.net",
                "minimum_ttl": 10,
                "refresh_time": 3600,
                "retry_time": 300,
                "serial_number": 1,
                "tags": {},
                "ttl": 3600
              }
            ],
            "tags": {},
            "timeouts": null
          },
          "sensitive_attributes": [],
          "identity_schema_version": 0,
          "private": "eyJlMmJmYjczMC1lY2FhLTExZTYtOGY4OC0zNDM2M2JjN2M0YzAiOnsiY3JlYXRlIjoxODAwMDAwMDAwMDAwLCJkZWxldGUiOjE4MDAwMDAwMDAwMDAsInJlYWQiOjMwMDAwMDAwMDAwMCwidXBkYXRlIjoxODAwMDAwMDAwMDAwfX0=",
          "dependencies": [
            "azurerm_resource_group.main"
          ]
        }
      ]
    },
    {
      "mode": "managed",
      "type": "azurerm_private_dns_zone_virtual_network_link",
      "name": "pg",
      "provider": "provider[\"registry.terraform.io/hashicorp/azurerm\"]",
      "instances": [
        {
          "schema_version": 0,
          "attributes": {
            "id": "/subscriptions/2f07de94-538d-450f-be82-3ac88a5ddcb8/resourceGroups/learningsteps-rg/providers/Microsoft.Network/privateDnsZones/learningsteps.postgres.database.azure.com/virtualNetworkLinks/pg-vnet-link",
            "name": "pg-vnet-link",
            "private_dns_zone_name": "learningsteps.postgres.database.azure.com",
            "registration_enabled": false,
            "resource_group_name": "learningsteps-rg",
            "tags": {},
            "timeouts": null,
            "virtual_network_id": "/subscriptions/2f07de94-538d-450f-be82-3ac88a5ddcb8/resourceGroups/learningsteps-rg/providers/Microsoft.Network/virtualNetworks/learningsteps-vnet"
          },
          "sensitive_attributes": [],
          "identity_schema_version": 0,
          "private": "eyJlMmJmYjczMC1lY2FhLTExZTYtOGY4OC0zNDM2M2JjN2M0YzAiOnsiY3JlYXRlIjoxODAwMDAwMDAwMDAwLCJkZWxldGUiOjE4MDAwMDAwMDAwMDAsInJlYWQiOjMwMDAwMDAwMDAwMCwidXBkYXRlIjoxODAwMDAwMDAwMDAwfX0=",
          "dependencies": [
            "azurerm_private_dns_zone.pg",
            "azurerm_resource_group.main",
            "azurerm_virtual_network.main"
          ]
        }
      ]
    },
    {
      "mode": "managed",
      "type": "azurerm_resource_group",
      "name": "main",
      "provider": "provider[\"registry.terraform.io/hashicorp/azurerm\"]",
      "instances": [
        {
          "schema_version": 0,
          "attributes": {
            "id": "/subscriptions/2f07de94-538d-450f-be82-3ac88a5ddcb8/resourceGroups/learningsteps-rg",
            "location": "westeurope",
            "managed_by": "",
            "name": "learningsteps-rg",
            "tags": {},
            "timeouts": null
          },
          "sensitive_attributes": [],
          "identity_schema_version": 0,
          "private": "eyJlMmJmYjczMC1lY2FhLTExZTYtOGY4OC0zNDM2M2JjN2M0YzAiOnsiY3JlYXRlIjo1NDAwMDAwMDAwMDAwLCJkZWxldGUiOjU0MDAwMDAwMDAwMDAsInJlYWQiOjMwMDAwMDAwMDAwMCwidXBkYXRlIjo1NDAwMDAwMDAwMDAwfSwic2NoZW1hX3ZlcnNpb24iOiIwIn0="
        }
      ]
    },
    {
      "mode": "managed",
      "type": "azurerm_role_assignment",
      "name": "aks_acr",
      "provider": "provider[\"registry.terraform.io/hashicorp/azurerm\"]",
      "instances": [
        {
          "schema_version": 0,
          "attributes": {
            "condition": "",
            "condition_version": "",
            "delegated_managed_identity_resource_id": "",
            "description": "",
            "id": "/subscriptions/2f07de94-538d-450f-be82-3ac88a5ddcb8/resourceGroups/learningsteps-rg/providers/Microsoft.ContainerRegistry/registries/learningstepsacr/providers/Microsoft.Authorization/roleAssignments/cd555d68-371d-e89b-68e7-c1227b88a827",
            "name": "cd555d68-371d-e89b-68e7-c1227b88a827",
            "principal_id": "43ce232b-07b5-467c-bf6e-82a7adb8a86c",
            "principal_type": "ServicePrincipal",
            "role_definition_id": "/subscriptions/2f07de94-538d-450f-be82-3ac88a5ddcb8/providers/Microsoft.Authorization/roleDefinitions/7f951dda-4ed3-4680-a7ca-43fe172d538d",
            "role_definition_name": "AcrPull",
            "scope": "/subscriptions/2f07de94-538d-450f-be82-3ac88a5ddcb8/resourceGroups/learningsteps-rg/providers/Microsoft.ContainerRegistry/registries/learningstepsacr",
            "skip_service_principal_aad_check": true,
            "timeouts": null
          },
          "sensitive_attributes": [],
          "identity_schema_version": 0,
          "private": "eyJlMmJmYjczMC1lY2FhLTExZTYtOGY4OC0zNDM2M2JjN2M0YzAiOnsiY3JlYXRlIjoxODAwMDAwMDAwMDAwLCJkZWxldGUiOjE4MDAwMDAwMDAwMDAsInJlYWQiOjMwMDAwMDAwMDAwMH19",
          "dependencies": [
            "azurerm_container_registry.acr",
            "azurerm_kubernetes_cluster.main",
            "azurerm_resource_group.main",
            "azurerm_subnet.aks",
            "azurerm_virtual_network.main"
          ]
        }
      ]
    },
    {
      "mode": "managed",
      "type": "azurerm_subnet",
      "name": "aks",
      "provider": "provider[\"registry.terraform.io/hashicorp/azurerm\"]",
      "instances": [
        {
          "schema_version": 0,
          "attributes": {
            "address_prefixes": [
              "10.0.1.0/24"
            ],
            "default_outbound_access_enabled": true,
            "delegation": [],
            "enforce_private_link_endpoint_network_policies": false,
            "enforce_private_link_service_network_policies": false,
            "id": "/subscriptions/2f07de94-538d-450f-be82-3ac88a5ddcb8/resourceGroups/learningsteps-rg/providers/Microsoft.Network/virtualNetworks/learningsteps-vnet/subnets/aks-subnet",
            "name": "aks-subnet",
            "private_endpoint_network_policies": "Enabled",
            "private_endpoint_network_policies_enabled": true,
            "private_link_service_network_policies_enabled": true,
            "resource_group_name": "learningsteps-rg",
            "service_endpoint_policy_ids": [],
            "service_endpoints": [],
            "timeouts": null,
            "virtual_network_name": "learningsteps-vnet"
          },
          "sensitive_attributes": [],
          "identity_schema_version": 0,
          "private": "eyJlMmJmYjczMC1lY2FhLTExZTYtOGY4OC0zNDM2M2JjN2M0YzAiOnsiY3JlYXRlIjoxODAwMDAwMDAwMDAwLCJkZWxldGUiOjE4MDAwMDAwMDAwMDAsInJlYWQiOjMwMDAwMDAwMDAwMCwidXBkYXRlIjoxODAwMDAwMDAwMDAwfX0=",
          "dependencies": [
            "azurerm_resource_group.main",
            "azurerm_virtual_network.main"
          ]
        }
      ]
    },
    {
      "mode": "managed",
      "type": "azurerm_subnet",
      "name": "db",
      "provider": "provider[\"registry.terraform.io/hashicorp/azurerm\"]",
      "instances": [
        {
          "schema_version": 0,
          "attributes": {
            "address_prefixes": [
              "10.0.2.0/24"
            ],
            "default_outbound_access_enabled": true,
            "delegation": [
              {
                "name": "pg-delegation",
                "service_delegation": [
                  {
                    "actions": [
                      "Microsoft.Network/virtualNetworks/subnets/join/action"
                    ],
                    "name": "Microsoft.DBforPostgreSQL/flexibleServers"
                  }
                ]
              }
            ],
            "enforce_private_link_endpoint_network_policies": false,
            "enforce_private_link_service_network_policies": false,
            "id": "/subscriptions/2f07de94-538d-450f-be82-3ac88a5ddcb8/resourceGroups/learningsteps-rg/providers/Microsoft.Network/virtualNetworks/learningsteps-vnet/subnets/db-subnet",
            "name": "db-subnet",
            "private_endpoint_network_policies": "Enabled",
            "private_endpoint_network_policies_enabled": true,
            "private_link_service_network_policies_enabled": true,
            "resource_group_name": "learningsteps-rg",
            "service_endpoint_policy_ids": [],
            "service_endpoints": [],
            "timeouts": null,
            "virtual_network_name": "learningsteps-vnet"
          },
          "sensitive_attributes": [],
          "identity_schema_version": 0,
          "private": "eyJlMmJmYjczMC1lY2FhLTExZTYtOGY4OC0zNDM2M2JjN2M0YzAiOnsiY3JlYXRlIjoxODAwMDAwMDAwMDAwLCJkZWxldGUiOjE4MDAwMDAwMDAwMDAsInJlYWQiOjMwMDAwMDAwMDAwMCwidXBkYXRlIjoxODAwMDAwMDAwMDAwfX0=",
          "dependencies": [
            "azurerm_resource_group.main",
            "azurerm_virtual_network.main"
          ]
        }
      ]
    },
    {
      "mode": "managed",
      "type": "azurerm_virtual_network",
      "name": "main",
      "provider": "provider[\"registry.terraform.io/hashicorp/azurerm\"]",
      "instances": [
        {
          "schema_version": 0,
          "attributes": {
            "address_space": [
              "10.0.0.0/16"
            ],
            "bgp_community": "",
            "ddos_protection_plan": [],
            "dns_servers": [],
            "edge_zone": "",
            "encryption": [],
            "flow_timeout_in_minutes": 0,
            "guid": "a85a3b6d-0ea8-4daf-9fd8-0f10d6ab35a0",
            "id": "/subscriptions/2f07de94-538d-450f-be82-3ac88a5ddcb8/resourceGroups/learningsteps-rg/providers/Microsoft.Network/virtualNetworks/learningsteps-vnet",
            "location": "westeurope",
            "name": "learningsteps-vnet",
            "resource_group_name": "learningsteps-rg",
            "subnet": [
              {
                "address_prefix": "10.0.1.0/24",
                "id": "/subscriptions/2f07de94-538d-450f-be82-3ac88a5ddcb8/resourceGroups/learningsteps-rg/providers/Microsoft.Network/virtualNetworks/learningsteps-vnet/subnets/aks-subnet",
                "name": "aks-subnet",
                "security_group": ""
              },
              {
                "address_prefix": "10.0.2.0/24",
                "id": "/subscriptions/2f07de94-538d-450f-be82-3ac88a5ddcb8/resourceGroups/learningsteps-rg/providers/Microsoft.Network/virtualNetworks/learningsteps-vnet/subnets/db-subnet",
                "name": "db-subnet",
                "security_group": ""
              }
            ],
            "tags": {},
            "timeouts": null
          },
          "sensitive_attributes": [],
          "identity_schema_version": 0,
          "private": "eyJlMmJmYjczMC1lY2FhLTExZTYtOGY4OC0zNDM2M2JjN2M0YzAiOnsiY3JlYXRlIjoxODAwMDAwMDAwMDAwLCJkZWxldGUiOjE4MDAwMDAwMDAwMDAsInJlYWQiOjMwMDAwMDAwMDAwMCwidXBkYXRlIjoxODAwMDAwMDAwMDAwfX0=",
          "dependencies": [
            "azurerm_resource_group.main"
          ]
        }
      ]
    }
  ],
  "check_results": null
}
